github.com/ethereum/go-ethereum v1.14.11 h1:8nFDCUUE67rPc6AKxFj7JKaOa2W/W1Rse3oS6LvvxEY=
github.com/ethereum/go-ethereum v1.14.11/go.mod h1:+l/fr42Mma+xBnhefL/+z11/hcmJ2egl+ScIVPjhc7E=
github.com/fsnotify/fsnotify v1.7.0 h1:8JEhPFa5W2WU7YfeZzPNqzMP6Lwt7L2715Ggo0nosvA=
github.com/fsnotify/fsnotify v1.7.0/go.mod h1:40Bi/Hjc2AVfZrqy+aj+yEI+/bRxZnMJyTJwOpGvigM=
github.com/go-viper/mapstructure/v2 v2.0.0-alpha.1 h1:TQcrn6Wq+sKGkpyPvppOz99zsMBaUOKXq6HSv655U1c=
github.com/go-viper/mapstructure/v2 v2.0.0-alpha.1/go.mod h1:oJDH3BJKyqBA2TXFhDsKDGDTlndYOZ6rGS0BRZIxGhM=
github.com/holiman/uint256 v1.3.1 h1:JfTzmih28bittyHM8z360dCjIA9dbPIBlcTI6lmctQs=
github.com/holiman/uint256 v1.3.1/go.mod h1:EOMSn4q6Nyt9P6efbI3bueV4e1b3dGlUCXeiRV4ng7E=
github.com/knadh/koanf/maps v0.1.1 h1:G5TjmUh2D7G2YWf5SQQqSiHRJEjaicvU0KpypqB3NIs=
github.com/knadh/koanf/maps v0.1.1/go.mod h1:npD/QZY3V6ghQDdcQzl1W4ICNVTkohC8E73eI2xW4yI=
github.com/knadh/koanf/parsers/toml v0.1.0 h1:S2hLqS4TgWZYj4/7mI5m1CQQcWurxUz6ODgOub/6LCI=
github.com/knadh/koanf/parsers/toml v0.1.0/go.mod h1:yUprhq6eo3GbyVXFFMdbfZSo928ksS+uo0FFqNMnO18=
github.com/knadh/koanf/providers/env v1.0.0 h1:ufePaI9BnWH+ajuxGGiJ8pdTG0uLEUWC7/HDDPGLah0=
github.com/knadh/koanf/providers/env v1.0.0/go.mod h1:mzFyRZueYhb37oPmC1HAv/oGEEuyvJDA98r3XAa8Gak=
github.com/knadh/koanf/providers/file v1.1.2 h1:aCC36YGOgV5lTtAFz2qkgtWdeQsgfxUkxDOe+2nQY3w=
github.com/knadh/koanf/providers/file v1.1.2/go.mod h1:/faSBcv2mxPVjFrXck95qeoyoZ5myJ6uxN8OOVNJJCI=
github.com/knadh/koanf/providers/structs v0.1.0/go.mod h1:sw2YZ3txUcqA3Z27gPlmmBzWn1h8Nt9O6EP/91MkcWE=
github.com/knadh/koanf/v2 v2.1.1 h1:/R8eXqasSTsmDCsAyYj+81Wteg8AqrV9CP6gvsTsOmM=
github.com/knadh/koanf/v2 v2.1.1/go.mod h1:4mnTRbZCK+ALuBXHZMjDfG9y714L7TykVnZkXbMU3Es=
github.com/mitchellh/copystructure v1.2.0 h1:vpKXTN4ewci03Vljg/q9QvCGUDttBOGBIa15WveJJGw=
github.com/mitchellh/copystructure v1.2.0/go.mod h1:qLl+cE2AmVv+CoeAwDPye/v+N2HKCj9FbZEVFJRxO9s=
github.com/mitchellh/reflectwalk v1.0.2 h1:G2LzWKi524PWgd3mLHV8Y5k7s6XUvT0Gef6zxSIeXaQ=
github.com/mitchellh/reflectwalk v1.0.2/go.mod h1:mSTlrgnPZtwu0c4WaC2kGObEpuNDbx0jmZXqmk4esnw=
github.com/pelletier/go-toml v1.9.5 h1:4yBQzkHv+7BHq2PQUZF3Mx0IYxG7LsP222s7Agd3ve8=
github.com/pelletier/go-toml v1.9.5/go.mod h1:u1nR/EPcESfeI/szUZKdtJ0xRNbUoANCkoOuaOx1Y+c=
golang.org/x/crypto v0.22.0 h1:g1v0xeRhjcugydODzvb3mEM9SQ0HGp9s/nh3COQ/C30=
golang.org/x/crypto v0.22.0/go.mod h1:vr6Su+7cTlO45qkww3VDJlzDn0ctJvRgYbC2NvXHt+M=
golang.org/x/sys v0.22.0 h1:RI27ohtqKCnwULzJLqkv897zojh5/DwS/ENaMzUOaWI=
golang.org/x/sys v0.22.0/go.mod h1:/VUhepiaJMQUp4+oa/7Zr1D23ma6VTLIYjOOTFZPUcA=
